dependencies:
- name: meta
  repository: ""
  version: '*'
- name: query
  repository: ""
  version: '*'
- name: ingest
  repository: ""
  version: '*'
- name: janitor
  repository: ""
  version: '*'
- name: ui
  repository: ""
  version: '*'
- name: nursery
  repository: ""
  version: '*'
- name: gateway
  repository: ""
  version: '*'
- name: permissions
  repository: ""
  version: '*'
digest: sha256:0b89b988f29573544fbfaa26d8ed253bc59c94e15868e052bff8ffc4bf07f502
generated: "2026-06-15T17:08:48.333439074+02:00"
