dependencies:
- name: meta
  repository: ""
  version: '*'
- name: query
  repository: ""
  version: '*'
- name: ingest
  repository: ""
  version: '*'
- name: janitor
  repository: ""
  version: '*'
- name: ui
  repository: ""
  version: '*'
- name: nursery
  repository: ""
  version: '*'
- name: gateway
  repository: ""
  version: '*'
- name: admin-ui
  repository: ""
  version: '*'
- name: permissions
  repository: ""
  version: '*'
- name: source
  repository: ""
  version: '*'
digest: sha256:275f900c8a5af23eacd36add3a04b32a67d3ebcd3add584f1597320a4eedee99
generated: "2026-06-10T22:16:12.948465973+02:00"
