dependencies:
- name: meta
  repository: ""
  version: '>=0.0.0-0'
- name: query
  repository: ""
  version: '>=0.0.0-0'
- name: ingest
  repository: ""
  version: '>=0.0.0-0'
- name: janitor
  repository: ""
  version: '>=0.0.0-0'
- name: ui
  repository: ""
  version: '>=0.0.0-0'
- name: nursery
  repository: ""
  version: '>=0.0.0-0'
- name: gateway
  repository: ""
  version: '>=0.0.0-0'
- name: permissions
  repository: ""
  version: '>=0.0.0-0'
- name: audit-shipper
  repository: ""
  version: '>=0.0.0-0'
digest: sha256:a8bb4e4086b98f4b67e1ed0f5c84c2114947db3e2d93001bdc0c8bb58d3cb57c
generated: "2026-10-06T11:47:36.157829584+02:00"
